
Microsoft Visual Studio Solution File, Format Version 12.00
# Visual Studio Version 17
VisualStudioVersion = 17.1.32421.90
MinimumVisualStudioVersion = 10.0.40219.1
Project("{9A19103F-16F7-4668-BE54-9A1E7A4F7556}") = "MercadoLivre.Clone.Api", "src\MercadoLivre.Clone.Api\MercadoLivre.Clone.Api.csproj", "{9E2CACCB-E546-436A-A3D0-363BF3E48DE8}"
EndProject
Project("{2150E333-8FDC-42A3-9474-1A3956D46DE8}") = "tests", "tests", "{9116AA71-4E12-49E5-93C8-6FE312A91F20}"
EndProject
Project("{FAE04EC0-301F-11D3-BF4B-00C04F79EFBC}") = "MercadoLivre.Clone.Api.Test", "test\MercadoLivre.Clone.Api.Test\MercadoLivre.Clone.Api.Test.csproj", "{F0ABB2ED-7BF2-4041-B1C4-E58A3345B760}"
EndProject
Project("{FAE04EC0-301F-11D3-BF4B-00C04F79EFBC}") = "MercadoLivre.Clone.Business", "src\MercadoLivre.Clone.Business\MercadoLivre.Clone.Business.csproj", "{0AF72962-511F-4A3F-99D1-C78F4C8E4181}"
EndProject
Project("{FAE04EC0-301F-11D3-BF4B-00C04F79EFBC}") = "MercadoLivre.Clone.Data", "src\MercadoLivre.Clone.Data\MercadoLivre.Clone.Data.csproj", "{61B62A66-B98C-4F40-8501-3A3DFE7F997F}"
EndProject
Global
	GlobalSection(SolutionConfigurationPlatforms) = preSolution
		Debug|Any CPU = Debug|Any CPU
		Release|Any CPU = Release|Any CPU
	EndGlobalSection
	GlobalSection(ProjectConfigurationPlatforms) = postSolution
		{9E2CACCB-E546-436A-A3D0-363BF3E48DE8}.Debug|Any CPU.ActiveCfg = Debug|Any CPU
		{9E2CACCB-E546-436A-A3D0-363BF3E48DE8}.Debug|Any CPU.Build.0 = Debug|Any CPU
		{9E2CACCB-E546-436A-A3D0-363BF3E48DE8}.Release|Any CPU.ActiveCfg = Release|Any CPU
		{9E2CACCB-E546-436A-A3D0-363BF3E48DE8}.Release|Any CPU.Build.0 = Release|Any CPU
		{F0ABB2ED-7BF2-4041-B1C4-E58A3345B760}.Debug|Any CPU.ActiveCfg = Debug|Any CPU
		{F0ABB2ED-7BF2-4041-B1C4-E58A3345B760}.Debug|Any CPU.Build.0 = Debug|Any CPU
		{F0ABB2ED-7BF2-4041-B1C4-E58A3345B760}.Release|Any CPU.ActiveCfg = Release|Any CPU
		{F0ABB2ED-7BF2-4041-B1C4-E58A3345B760}.Release|Any CPU.Build.0 = Release|Any CPU
		{0AF72962-511F-4A3F-99D1-C78F4C8E4181}.Debug|Any CPU.ActiveCfg = Debug|Any CPU
		{0AF72962-511F-4A3F-99D1-C78F4C8E4181}.Debug|Any CPU.Build.0 = Debug|Any CPU
		{0AF72962-511F-4A3F-99D1-C78F4C8E4181}.Release|Any CPU.ActiveCfg = Release|Any CPU
		{0AF72962-511F-4A3F-99D1-C78F4C8E4181}.Release|Any CPU.Build.0 = Release|Any CPU
		{61B62A66-B98C-4F40-8501-3A3DFE7F997F}.Debug|Any CPU.ActiveCfg = Debug|Any CPU
		{61B62A66-B98C-4F40-8501-3A3DFE7F997F}.Debug|Any CPU.Build.0 = Debug|Any CPU
		{61B62A66-B98C-4F40-8501-3A3DFE7F997F}.Release|Any CPU.ActiveCfg = Release|Any CPU
		{61B62A66-B98C-4F40-8501-3A3DFE7F997F}.Release|Any CPU.Build.0 = Release|Any CPU
	EndGlobalSection
	GlobalSection(SolutionProperties) = preSolution
		HideSolutionNode = FALSE
	EndGlobalSection
	GlobalSection(NestedProjects) = preSolution
		{F0ABB2ED-7BF2-4041-B1C4-E58A3345B760} = {9116AA71-4E12-49E5-93C8-6FE312A91F20}
	EndGlobalSection
	GlobalSection(ExtensibilityGlobals) = postSolution
		SolutionGuid = {D047F39F-CA28-48A2-A289-EB3F822F65F9}
	EndGlobalSection
EndGlobal
